
Microsoft Visual Studio Solution File, Format Version 12.00
# Visual Studio Version 16
VisualStudioVersion = 16.0.30309.148
MinimumVisualStudioVersion = 10.0.40219.1
Project("{8BC9CEB8-8B4A-11D0-8D11-00A0C91BC942}") = "szachy", "szachy.vcxproj", "{B9050CCA-D804-4167-8CA7-B2D2760D82C0}"
EndProject
Global
	GlobalSection(SolutionConfigurationPlatforms) = preSolution
		Debug|x64 = Debug|x64
		Debug|x86 = Debug|x86
		Release|x64 = Release|x64
		Release|x86 = Release|x86
	EndGlobalSection
	GlobalSection(ProjectConfigurationPlatforms) = postSolution
		{B9050CCA-D804-4167-8CA7-B2D2760D82C0}.Debug|x64.ActiveCfg = Debug|x64
		{B9050CCA-D804-4167-8CA7-B2D2760D82C0}.Debug|x64.Build.0 = Debug|x64
		{B9050CCA-D804-4167-8CA7-B2D2760D82C0}.Debug|x86.ActiveCfg = Debug|Win32
		{B9050CCA-D804-4167-8CA7-B2D2760D82C0}.Debug|x86.Build.0 = Debug|Win32
		{B9050CCA-D804-4167-8CA7-B2D2760D82C0}.Release|x64.ActiveCfg = Release|x64
		{B9050CCA-D804-4167-8CA7-B2D2760D82C0}.Release|x64.Build.0 = Release|x64
		{B9050CCA-D804-4167-8CA7-B2D2760D82C0}.Release|x86.ActiveCfg = Release|Win32
		{B9050CCA-D804-4167-8CA7-B2D2760D82C0}.Release|x86.Build.0 = Release|Win32
	EndGlobalSection
	GlobalSection(SolutionProperties) = preSolution
		HideSolutionNode = FALSE
	EndGlobalSection
	GlobalSection(ExtensibilityGlobals) = postSolution
		SolutionGuid = {71FE39D4-A338-45FD-A6FC-C6868EACEE17}
	EndGlobalSection
EndGlobal
